
Microsoft Visual Studio Solution File, Format Version 12.00
# Visual Studio Version 17
VisualStudioVersion = 17.3.32811.315
MinimumVisualStudioVersion = 10.0.40219.1
Project("{9A19103F-16F7-4668-BE54-9A1E7A4F7556}") = "APIServer", "APIServer\APIServer.csproj", "{C540BD14-B7DC-4FD2-B504-A853E164D88B}"
EndProject
Global
	GlobalSection(SolutionConfigurationPlatforms) = preSolution
		Debug|Any CPU = Debug|Any CPU
		Release|Any CPU = Release|Any CPU
	EndGlobalSection
	GlobalSection(ProjectConfigurationPlatforms) = postSolution
		{C540BD14-B7DC-4FD2-B504-A853E164D88B}.Debug|Any CPU.ActiveCfg = Debug|Any CPU
		{C540BD14-B7DC-4FD2-B504-A853E164D88B}.Debug|Any CPU.Build.0 = Debug|Any CPU
		{C540BD14-B7DC-4FD2-B504-A853E164D88B}.Release|Any CPU.ActiveCfg = Release|Any CPU
		{C540BD14-B7DC-4FD2-B504-A853E164D88B}.Release|Any CPU.Build.0 = Release|Any CPU
	EndGlobalSection
	GlobalSection(SolutionProperties) = preSolution
		HideSolutionNode = FALSE
	EndGlobalSection
	GlobalSection(ExtensibilityGlobals) = postSolution
		SolutionGuid = {E6D9177C-05B8-40E1-A47E-7FBC76B89855}
	EndGlobalSection
EndGlobal
